
Microsoft Visual Studio Solution File, Format Version 12.00
# Visual Studio Version 17
VisualStudioVersion = 17.0.31903.59
MinimumVisualStudioVersion = 10.0.40219.1
Project("{FAE04EC0-301F-11D3-BF4B-00C04F79EFBC}") = "Exercise_001_List", "Exercise_001_List\Exercise_001_List.csproj", "{EAC5B59F-5826-4CD4-B71D-BA4D65F6995F}"
EndProject
Global
	GlobalSection(SolutionConfigurationPlatforms) = preSolution
		Debug|Any CPU = Debug|Any CPU
		Release|Any CPU = Release|Any CPU
	EndGlobalSection
	GlobalSection(ProjectConfigurationPlatforms) = postSolution
		{EAC5B59F-5826-4CD4-B71D-BA4D65F6995F}.Debug|Any CPU.ActiveCfg = Debug|Any CPU
		{EAC5B59F-5826-4CD4-B71D-BA4D65F6995F}.Debug|Any CPU.Build.0 = Debug|Any CPU
		{EAC5B59F-5826-4CD4-B71D-BA4D65F6995F}.Release|Any CPU.ActiveCfg = Release|Any CPU
		{EAC5B59F-5826-4CD4-B71D-BA4D65F6995F}.Release|Any CPU.Build.0 = Release|Any CPU
	EndGlobalSection
	GlobalSection(SolutionProperties) = preSolution
		HideSolutionNode = FALSE
	EndGlobalSection
	GlobalSection(ExtensibilityGlobals) = postSolution
		SolutionGuid = {6F68D1D3-8C58-4999-975B-11E54032A1F2}
	EndGlobalSection
EndGlobal
