
Microsoft Visual Studio Solution File, Format Version 12.00
# Visual Studio Version 17
VisualStudioVersion = 17.0.31903.59
MinimumVisualStudioVersion = 10.0.40219.1
Project("{FAE04EC0-301F-11D3-BF4B-00C04F79EFBC}") = "Exercise_001_List", "Exercise_001_List\Exercise_001_List.csproj", "{EAC5B59F-5826-4CD4-B71D-BA4D65F6995F}"
EndProject
Project("{FAE04EC0-301F-11D3-BF4B-00C04F79EFBC}") = "Exercise_002_PhoneBook", "Exercise_002_PhoneBook\Exercise_002_PhoneBook.csproj", "{74381B62-7754-4EA0-8D3B-A02BA0064E8F}"
EndProject
Project("{FAE04EC0-301F-11D3-BF4B-00C04F79EFBC}") = "Exercise_003_Repeat", "Repeat\Exercise_003_Repeat.csproj", "{A1108D18-E827-43E2-9BB3-2A32244C2ADB}"
EndProject
Project("{FAE04EC0-301F-11D3-BF4B-00C04F79EFBC}") = "Exercise_004_NoteBook", "Exercise_004_NoteBook\Exercise_004_NoteBook.csproj", "{16105CA7-B7D1-414B-9754-4587B08E701D}"
EndProject
Project("{FAE04EC0-301F-11D3-BF4B-00C04F79EFBC}") = "Exercise_005_InfoSystem", "Exercise_005_InfoSystem\Exercise_005_InfoSystem.csproj", "{90882344-D21C-4B90-8866-8ED1A78D8E17}"
EndProject
Global
	GlobalSection(SolutionConfigurationPlatforms) = preSolution
		Debug|Any CPU = Debug|Any CPU
		Release|Any CPU = Release|Any CPU
	EndGlobalSection
	GlobalSection(ProjectConfigurationPlatforms) = postSolution
		{EAC5B59F-5826-4CD4-B71D-BA4D65F6995F}.Debug|Any CPU.ActiveCfg = Debug|Any CPU
		{EAC5B59F-5826-4CD4-B71D-BA4D65F6995F}.Debug|Any CPU.Build.0 = Debug|Any CPU
		{EAC5B59F-5826-4CD4-B71D-BA4D65F6995F}.Release|Any CPU.ActiveCfg = Release|Any CPU
		{EAC5B59F-5826-4CD4-B71D-BA4D65F6995F}.Release|Any CPU.Build.0 = Release|Any CPU
		{74381B62-7754-4EA0-8D3B-A02BA0064E8F}.Debug|Any CPU.ActiveCfg = Debug|Any CPU
		{74381B62-7754-4EA0-8D3B-A02BA0064E8F}.Debug|Any CPU.Build.0 = Debug|Any CPU
		{74381B62-7754-4EA0-8D3B-A02BA0064E8F}.Release|Any CPU.ActiveCfg = Release|Any CPU
		{74381B62-7754-4EA0-8D3B-A02BA0064E8F}.Release|Any CPU.Build.0 = Release|Any CPU
		{A1108D18-E827-43E2-9BB3-2A32244C2ADB}.Debug|Any CPU.ActiveCfg = Debug|Any CPU
		{A1108D18-E827-43E2-9BB3-2A32244C2ADB}.Debug|Any CPU.Build.0 = Debug|Any CPU
		{A1108D18-E827-43E2-9BB3-2A32244C2ADB}.Release|Any CPU.ActiveCfg = Release|Any CPU
		{A1108D18-E827-43E2-9BB3-2A32244C2ADB}.Release|Any CPU.Build.0 = Release|Any CPU
		{16105CA7-B7D1-414B-9754-4587B08E701D}.Debug|Any CPU.ActiveCfg = Debug|Any CPU
		{16105CA7-B7D1-414B-9754-4587B08E701D}.Debug|Any CPU.Build.0 = Debug|Any CPU
		{16105CA7-B7D1-414B-9754-4587B08E701D}.Release|Any CPU.ActiveCfg = Release|Any CPU
		{16105CA7-B7D1-414B-9754-4587B08E701D}.Release|Any CPU.Build.0 = Release|Any CPU
		{90882344-D21C-4B90-8866-8ED1A78D8E17}.Debug|Any CPU.ActiveCfg = Debug|Any CPU
		{90882344-D21C-4B90-8866-8ED1A78D8E17}.Debug|Any CPU.Build.0 = Debug|Any CPU
		{90882344-D21C-4B90-8866-8ED1A78D8E17}.Release|Any CPU.ActiveCfg = Release|Any CPU
		{90882344-D21C-4B90-8866-8ED1A78D8E17}.Release|Any CPU.Build.0 = Release|Any CPU
	EndGlobalSection
	GlobalSection(SolutionProperties) = preSolution
		HideSolutionNode = FALSE
	EndGlobalSection
	GlobalSection(ExtensibilityGlobals) = postSolution
		SolutionGuid = {6F68D1D3-8C58-4999-975B-11E54032A1F2}
	EndGlobalSection
EndGlobal
